{
  "name": "space-trade",
  "version": "1.0.0",
  "lockfileVersion": 2,
  "requires": true,
  "packages": {
    "": {
      "name": "space-trade",
      "version": "1.0.0",
      "license": "MIT",
      "dependencies": {
        "myExpressApp": "^0.0.0"
      },
      "devDependencies": {
        "three": "^0.139.2"
      }
    },
    "node_modules/myExpressApp": {
      "name": "myexpressapp",
      "version": "0.0.0",
      "dependencies": {
        "cookie-parser": "~1.4.4",
        "debug": "~2.6.9",
        "ejs": "~2.6.1",
        "express": "~4.16.1",
        "http-errors": "~1.6.3",
        "morgan": "~1.9.1"
      }
    },
    "node_modules/three": {
      "version": "0.139.2",
      "resolved": "https://registry.npmjs.org/three/-/three-0.139.2.tgz",
      "integrity": "sha512-gV7q7QY8rogu7HLFZR9cWnOQAUedUhu2WXAnpr2kdXZP9YDKsG/0ychwQvWkZN5PlNw9mv5MoCTin6zNTXoONg==",
      "dev": true
    }
  },
  "dependencies": {
    "myExpressApp": {
      "version": "npm:myexpressapp@0.0.0",
      "requires": {
        "cookie-parser": "~1.4.4",
        "debug": "~2.6.9",
        "ejs": "~2.6.1",
        "express": "~4.16.1",
        "http-errors": "~1.6.3",
        "morgan": "~1.9.1"
      }
    },
    "three": {
      "version": "0.139.2",
      "resolved": "https://registry.npmjs.org/three/-/three-0.139.2.tgz",
      "integrity": "sha512-gV7q7QY8rogu7HLFZR9cWnOQAUedUhu2WXAnpr2kdXZP9YDKsG/0ychwQvWkZN5PlNw9mv5MoCTin6zNTXoONg==",
      "dev": true
    }
  }
}
