{
  "name": "space-trade",
  "version": "1.0.0",
  "lockfileVersion": 2,
  "requires": true,
  "packages": {
    "": {
      "name": "space-trade",
      "version": "1.0.0",
      "license": "MIT",
      "dependencies": {
        "html-webpack-plugin": "^5.5.0",
        "webpack": "^5.72.0"
      },
      "devDependencies": {
        "@types/three": "^0.139.0",
        "three": "^0.139.2"
      }
    },
    "three": {
      "version": "0.139.2",
      "resolved": "https://registry.npmjs.org/three/-/three-0.139.2.tgz",
      "integrity": "sha512-gV7q7QY8rogu7HLFZR9cWnOQAUedUhu2WXAnpr2kdXZP9YDKsG/0ychwQvWkZN5PlNw9mv5MoCTin6zNTXoONg==",
      "dev": true
    },
    "webpack": {
      "version": "5.72.0",
      "resolved": "https://registry.npmjs.org/webpack/-/webpack-5.72.0.tgz",
      "integrity": "sha512-qmSmbspI0Qo5ld49htys8GY9XhS9CGqFoHTsOVAnjBdg0Zn79y135R+k4IR4rKK6+eKaabMhJwiVB7xw0SJu5w==",
      "requires": {
        "@types/eslint-scope": "^3.7.3",
        "@types/estree": "^0.0.51",
        "@webassemblyjs/ast": "1.11.1",
        "@webassemblyjs/wasm-edit": "1.11.1",
        "@webassemblyjs/wasm-parser": "1.11.1",
        "acorn": "^8.4.1",
        "acorn-import-assertions": "^1.7.6",
        "browserslist": "^4.14.5",
        "chrome-trace-event": "^1.0.2",
        "enhanced-resolve": "^5.9.2",
        "es-module-lexer": "^0.9.0",
        "eslint-scope": "5.1.1",
        "events": "^3.2.0",
        "glob-to-regexp": "^0.4.1",
        "graceful-fs": "^4.2.9",
        "json-parse-better-errors": "^1.0.2",
        "loader-runner": "^4.2.0",
        "mime-types": "^2.1.27",
        "neo-async": "^2.6.2",
        "schema-utils": "^3.1.0",
        "tapable": "^2.1.1",
        "terser-webpack-plugin": "^5.1.3",
        "watchpack": "^2.3.1",
        "webpack-sources": "^3.2.3"
      }
    },
    "webpack-sources": {
      "version": "3.2.3",
      "resolved": "https://registry.npmjs.org/webpack-sources/-/webpack-sources-3.2.3.tgz",
      "integrity": "sha512-/DyMEOrDgLKKIG0fmvtz+4dUX/3Ghozwgm6iPp8KRhvn+eQf9+Q7GWxVNMk3+uCPWfdXYC4ExGBckIXdFEfH1w=="
    }
  }
}